// !$*UTF8*$!
{
	archiveVersion = 1;
	classes = {
	};
	objectVersion = 50;
	objects = {

/* Begin PBXBuildFile section */
		01343B112639C3B800207C15 /* AppDelegate.swift in Sources */ = {isa = PBXBuildFile; fileRef = 01343B102639C3B800207C15 /* AppDelegate.swift */; };
		01343B132639C3B800207C15 /* SceneDelegate.swift in Sources */ = {isa = PBXBuildFile; fileRef = 01343B122639C3B800207C15 /* SceneDelegate.swift */; };
		01343B152639C3B800207C15 /* ViewController.swift in Sources */ = {isa = PBXBuildFile; fileRef = 01343B142639C3B800207C15 /* ViewController.swift */; };
		01343B182639C3B800207C15 /* Main.storyboard in Resources */ = {isa = PBXBuildFile; fileRef = 01343B162639C3B800207C15 /* Main.storyboard */; };
		01343B1B2639C3B800207C15 /* CineFlix.xcdatamodeld in Sources */ = {isa = PBXBuildFile; fileRef = 01343B192639C3B800207C15 /* CineFlix.xcdatamodeld */; };
		01343B1D2639C3BA00207C15 /* Assets.xcassets in Resources */ = {isa = PBXBuildFile; fileRef = 01343B1C2639C3BA00207C15 /* Assets.xcassets */; };
		01343B202639C3BA00207C15 /* LaunchScreen.storyboard in Resources */ = {isa = PBXBuildFile; fileRef = 01343B1E2639C3BA00207C15 /* LaunchScreen.storyboard */; };
		01343B2B2639C3BA00207C15 /* CineFlixTests.swift in Sources */ = {isa = PBXBuildFile; fileRef = 01343B2A2639C3BA00207C15 /* CineFlixTests.swift */; };
		01343B362639C3BA00207C15 /* CineFlixUITests.swift in Sources */ = {isa = PBXBuildFile; fileRef = 01343B352639C3BA00207C15 /* CineFlixUITests.swift */; };
		01343B542639C44300207C15 /* Home.storyboard in Resources */ = {isa = PBXBuildFile; fileRef = 01343B532639C44300207C15 /* Home.storyboard */; };
		01343B5C2639C46C00207C15 /* HomeViewController.swift in Sources */ = {isa = PBXBuildFile; fileRef = 01343B5B2639C46C00207C15 /* HomeViewController.swift */; };
		01343B612639C73400207C15 /* Profile.storyboard in Resources */ = {isa = PBXBuildFile; fileRef = 01343B602639C73400207C15 /* Profile.storyboard */; };
		01343B662639C7FD00207C15 /* ProfileViewController.swift in Sources */ = {isa = PBXBuildFile; fileRef = 01343B652639C7FC00207C15 /* ProfileViewController.swift */; };
		01343B712639CE0900207C15 /* TopRatedContainerTableViewCell.xib in Resources */ = {isa = PBXBuildFile; fileRef = 01343B6F2639CE0900207C15 /* TopRatedContainerTableViewCell.xib */; };
		01343B722639CE0900207C15 /* TopRatedContainerTableViewCell.swift in Sources */ = {isa = PBXBuildFile; fileRef = 01343B702639CE0900207C15 /* TopRatedContainerTableViewCell.swift */; };
		01343B792639D68100207C15 /* TopRatedCollectionViewCell.xib in Resources */ = {isa = PBXBuildFile; fileRef = 01343B772639D68100207C15 /* TopRatedCollectionViewCell.xib */; };
		01343B7A2639D68100207C15 /* TopRatedCollectionViewCell.swift in Sources */ = {isa = PBXBuildFile; fileRef = 01343B782639D68100207C15 /* TopRatedCollectionViewCell.swift */; };
		01343B822639F5F500207C15 /* Movies.swift in Sources */ = {isa = PBXBuildFile; fileRef = 01343B812639F5F500207C15 /* Movies.swift */; };
		01343B872639F99C00207C15 /* GenericWorker.swift in Sources */ = {isa = PBXBuildFile; fileRef = 01343B862639F99C00207C15 /* GenericWorker.swift */; };
		01343B8C2639F9F800207C15 /* GenericError.swift in Sources */ = {isa = PBXBuildFile; fileRef = 01343B8B2639F9F800207C15 /* GenericError.swift */; };
		01343B912639FC1D00207C15 /* HomeViewModel.swift in Sources */ = {isa = PBXBuildFile; fileRef = 01343B902639FC1D00207C15 /* HomeViewModel.swift */; };
/* End PBXBuildFile section */

/* Begin PBXContainerItemProxy section */
		01343B272639C3BA00207C15 /* PBXContainerItemProxy */ = {
			isa = PBXContainerItemProxy;
			containerPortal = 01343B052639C3B800207C15 /* Project object */;
			proxyType = 1;
			remoteGlobalIDString = 01343B0C2639C3B800207C15;
			remoteInfo = CineFlix;
		};
		01343B322639C3BA00207C15 /* PBXContainerItemProxy */ = {
			isa = PBXContainerItemProxy;
			containerPortal = 01343B052639C3B800207C15 /* Project object */;
			proxyType = 1;
			remoteGlobalIDString = 01343B0C2639C3B800207C15;
			remoteInfo = CineFlix;
		};
/* End PBXContainerItemProxy section */

/* Begin PBXFileReference section */
		01343B0D2639C3B800207C15 /* CineFlix.app */ = {isa = PBXFileReference; explicitFileType = wrapper.application; includeInIndex = 0; path = CineFlix.app; sourceTree = BUILT_PRODUCTS_DIR; };
		01343B102639C3B800207C15 /* AppDelegate.swift */ = {isa = PBXFileReference; lastKnownFileType = sourcecode.swift; path = AppDelegate.swift; sourceTree = "<group>"; };
		01343B122639C3B800207C15 /* SceneDelegate.swift */ = {isa = PBXFileReference; lastKnownFileType = sourcecode.swift; path = SceneDelegate.swift; sourceTree = "<group>"; };
		01343B142639C3B800207C15 /* ViewController.swift */ = {isa = PBXFileReference; lastKnownFileType = sourcecode.swift; path = ViewController.swift; sourceTree = "<group>"; };
		01343B172639C3B800207C15 /* Base */ = {isa = PBXFileReference; lastKnownFileType = file.storyboard; name = Base; path = Base.lproj/Main.storyboard; sourceTree = "<group>"; };
		01343B1A2639C3B800207C15 /* CineFlix.xcdatamodel */ = {isa = PBXFileReference; lastKnownFileType = wrapper.xcdatamodel; path = CineFlix.xcdatamodel; sourceTree = "<group>"; };
		01343B1C2639C3BA00207C15 /* Assets.xcassets */ = {isa = PBXFileReference; lastKnownFileType = folder.assetcatalog; path = Assets.xcassets; sourceTree = "<group>"; };
		01343B1F2639C3BA00207C15 /* Base */ = {isa = PBXFileReference; lastKnownFileType = file.storyboard; name = Base; path = Base.lproj/LaunchScreen.storyboard; sourceTree = "<group>"; };
		01343B212639C3BA00207C15 /* Info.plist */ = {isa = PBXFileReference; lastKnownFileType = text.plist.xml; path = Info.plist; sourceTree = "<group>"; };
		01343B262639C3BA00207C15 /* CineFlixTests.xctest */ = {isa = PBXFileReference; explicitFileType = wrapper.cfbundle; includeInIndex = 0; path = CineFlixTests.xctest; sourceTree = BUILT_PRODUCTS_DIR; };
		01343B2A2639C3BA00207C15 /* CineFlixTests.swift */ = {isa = PBXFileReference; lastKnownFileType = sourcecode.swift; path = CineFlixTests.swift; sourceTree = "<group>"; };
		01343B2C2639C3BA00207C15 /* Info.plist */ = {isa = PBXFileReference; lastKnownFileType = text.plist.xml; path = Info.plist; sourceTree = "<group>"; };
		01343B312639C3BA00207C15 /* CineFlixUITests.xctest */ = {isa = PBXFileReference; explicitFileType = wrapper.cfbundle; includeInIndex = 0; path = CineFlixUITests.xctest; sourceTree = BUILT_PRODUCTS_DIR; };
		01343B352639C3BA00207C15 /* CineFlixUITests.swift */ = {isa = PBXFileReference; lastKnownFileType = sourcecode.swift; path = CineFlixUITests.swift; sourceTree = "<group>"; };
		01343B372639C3BA00207C15 /* Info.plist */ = {isa = PBXFileReference; lastKnownFileType = text.plist.xml; path = Info.plist; sourceTree = "<group>"; };
		01343B532639C44300207C15 /* Home.storyboard */ = {isa = PBXFileReference; lastKnownFileType = file.storyboard; path = Home.storyboard; sourceTree = "<group>"; };
		01343B5B2639C46C00207C15 /* HomeViewController.swift */ = {isa = PBXFileReference; lastKnownFileType = sourcecode.swift; path = HomeViewController.swift; sourceTree = "<group>"; };
		01343B602639C73400207C15 /* Profile.storyboard */ = {isa = PBXFileReference; lastKnownFileType = file.storyboard; path = Profile.storyboard; sourceTree = "<group>"; };
		01343B652639C7FC00207C15 /* ProfileViewController.swift */ = {isa = PBXFileReference; lastKnownFileType = sourcecode.swift; path = ProfileViewController.swift; sourceTree = "<group>"; };
		01343B6F2639CE0900207C15 /* TopRatedContainerTableViewCell.xib */ = {isa = PBXFileReference; lastKnownFileType = file.xib; path = TopRatedContainerTableViewCell.xib; sourceTree = "<group>"; };
		01343B702639CE0900207C15 /* TopRatedContainerTableViewCell.swift */ = {isa = PBXFileReference; lastKnownFileType = sourcecode.swift; path = TopRatedContainerTableViewCell.swift; sourceTree = "<group>"; };
		01343B772639D68100207C15 /* TopRatedCollectionViewCell.xib */ = {isa = PBXFileReference; lastKnownFileType = file.xib; path = TopRatedCollectionViewCell.xib; sourceTree = "<group>"; };
		01343B782639D68100207C15 /* TopRatedCollectionViewCell.swift */ = {isa = PBXFileReference; lastKnownFileType = sourcecode.swift; path = TopRatedCollectionViewCell.swift; sourceTree = "<group>"; };
		01343B812639F5F500207C15 /* Movies.swift */ = {isa = PBXFileReference; lastKnownFileType = sourcecode.swift; path = Movies.swift; sourceTree = "<group>"; };
		01343B862639F99C00207C15 /* GenericWorker.swift */ = {isa = PBXFileReference; lastKnownFileType = sourcecode.swift; path = GenericWorker.swift; sourceTree = "<group>"; };
		01343B8B2639F9F800207C15 /* GenericError.swift */ = {isa = PBXFileReference; lastKnownFileType = sourcecode.swift; path = GenericError.swift; sourceTree = "<group>"; };
		01343B902639FC1D00207C15 /* HomeViewModel.swift */ = {isa = PBXFileReference; lastKnownFileType = sourcecode.swift; path = HomeViewModel.swift; sourceTree = "<group>"; };
/* End PBXFileReference section */

/* Begin PBXFrameworksBuildPhase section */
		01343B0A2639C3B800207C15 /* Frameworks */ = {
			isa = PBXFrameworksBuildPhase;
			buildActionMask = 2147483647;
			files = (
			);
			runOnlyForDeploymentPostprocessing = 0;
		};
		01343B232639C3BA00207C15 /* Frameworks */ = {
			isa = PBXFrameworksBuildPhase;
			buildActionMask = 2147483647;
			files = (
			);
			runOnlyForDeploymentPostprocessing = 0;
		};
		01343B2E2639C3BA00207C15 /* Frameworks */ = {
			isa = PBXFrameworksBuildPhase;
			buildActionMask = 2147483647;
			files = (
			);
			runOnlyForDeploymentPostprocessing = 0;
		};
/* End PBXFrameworksBuildPhase section */

/* Begin PBXGroup section */
		01343B042639C3B800207C15 = {
			isa = PBXGroup;
			children = (
				01343B0F2639C3B800207C15 /* CineFlix */,
				01343B292639C3BA00207C15 /* CineFlixTests */,
				01343B342639C3BA00207C15 /* CineFlixUITests */,
				01343B0E2639C3B800207C15 /* Products */,
			);
			sourceTree = "<group>";
		};
		01343B0E2639C3B800207C15 /* Products */ = {
			isa = PBXGroup;
			children = (
				01343B0D2639C3B800207C15 /* CineFlix.app */,
				01343B262639C3BA00207C15 /* CineFlixTests.xctest */,
				01343B312639C3BA00207C15 /* CineFlixUITests.xctest */,
			);
			name = Products;
			sourceTree = "<group>";
		};
		01343B0F2639C3B800207C15 /* CineFlix */ = {
			isa = PBXGroup;
			children = (
				01343B522639C41C00207C15 /* StoryBoards */,
				01343B4E2639C40D00207C15 /* View */,
				01343B4D2639C40300207C15 /* ViewModel */,
				01343B4C2639C3FC00207C15 /* Model */,
				01343B102639C3B800207C15 /* AppDelegate.swift */,
				01343B122639C3B800207C15 /* SceneDelegate.swift */,
				01343B1C2639C3BA00207C15 /* Assets.xcassets */,
				01343B1E2639C3BA00207C15 /* LaunchScreen.storyboard */,
				01343B212639C3BA00207C15 /* Info.plist */,
				01343B192639C3B800207C15 /* CineFlix.xcdatamodeld */,
			);
			path = CineFlix;
			sourceTree = "<group>";
		};
		01343B292639C3BA00207C15 /* CineFlixTests */ = {
			isa = PBXGroup;
			children = (
				01343B2A2639C3BA00207C15 /* CineFlixTests.swift */,
				01343B2C2639C3BA00207C15 /* Info.plist */,
			);
			path = CineFlixTests;
			sourceTree = "<group>";
		};
		01343B342639C3BA00207C15 /* CineFlixUITests */ = {
			isa = PBXGroup;
			children = (
				01343B352639C3BA00207C15 /* CineFlixUITests.swift */,
				01343B372639C3BA00207C15 /* Info.plist */,
			);
			path = CineFlixUITests;
			sourceTree = "<group>";
		};
		01343B4C2639C3FC00207C15 /* Model */ = {
			isa = PBXGroup;
			children = (
				01343B812639F5F500207C15 /* Movies.swift */,
			);
			path = Model;
			sourceTree = "<group>";
		};
		01343B4D2639C40300207C15 /* ViewModel */ = {
			isa = PBXGroup;
			children = (
				01343B862639F99C00207C15 /* GenericWorker.swift */,
				01343B8B2639F9F800207C15 /* GenericError.swift */,
				01343B902639FC1D00207C15 /* HomeViewModel.swift */,
			);
			path = ViewModel;
			sourceTree = "<group>";
		};
		01343B4E2639C40D00207C15 /* View */ = {
			isa = PBXGroup;
			children = (
				01343B6B2639C81400207C15 /* Home */,
				01343B6A2639C80500207C15 /* Profile */,
				01343B142639C3B800207C15 /* ViewController.swift */,
			);
			path = View;
			sourceTree = "<group>";
		};
		01343B522639C41C00207C15 /* StoryBoards */ = {
			isa = PBXGroup;
			children = (
				01343B162639C3B800207C15 /* Main.storyboard */,
				01343B532639C44300207C15 /* Home.storyboard */,
				01343B602639C73400207C15 /* Profile.storyboard */,
			);
			path = StoryBoards;
			sourceTree = "<group>";
		};
		01343B6A2639C80500207C15 /* Profile */ = {
			isa = PBXGroup;
			children = (
				01343B652639C7FC00207C15 /* ProfileViewController.swift */,
			);
			path = Profile;
			sourceTree = "<group>";
		};
		01343B6B2639C81400207C15 /* Home */ = {
			isa = PBXGroup;
			children = (
				01343B762639D5CD00207C15 /* xibs */,
				01343B5B2639C46C00207C15 /* HomeViewController.swift */,
				01343B702639CE0900207C15 /* TopRatedContainerTableViewCell.swift */,
				01343B782639D68100207C15 /* TopRatedCollectionViewCell.swift */,
			);
			path = Home;
			sourceTree = "<group>";
		};
		01343B762639D5CD00207C15 /* xibs */ = {
			isa = PBXGroup;
			children = (
				01343B6F2639CE0900207C15 /* TopRatedContainerTableViewCell.xib */,
				01343B772639D68100207C15 /* TopRatedCollectionViewCell.xib */,
			);
			path = xibs;
			sourceTree = "<group>";
		};
/* End PBXGroup section */

/* Begin PBXNativeTarget section */
		01343B0C2639C3B800207C15 /* CineFlix */ = {
			isa = PBXNativeTarget;
			buildConfigurationList = 01343B3A2639C3BA00207C15 /* Build configuration list for PBXNativeTarget "CineFlix" */;
			buildPhases = (
				01343B092639C3B800207C15 /* Sources */,
				01343B0A2639C3B800207C15 /* Frameworks */,
				01343B0B2639C3B800207C15 /* Resources */,
			);
			buildRules = (
			);
			dependencies = (
			);
			name = CineFlix;
			productName = CineFlix;
			productReference = 01343B0D2639C3B800207C15 /* CineFlix.app */;
			productType = "com.apple.product-type.application";
		};
		01343B252639C3BA00207C15 /* CineFlixTests */ = {
			isa = PBXNativeTarget;
			buildConfigurationList = 01343B3D2639C3BA00207C15 /* Build configuration list for PBXNativeTarget "CineFlixTests" */;
			buildPhases = (
				01343B222639C3BA00207C15 /* Sources */,
				01343B232639C3BA00207C15 /* Frameworks */,
				01343B242639C3BA00207C15 /* Resources */,
			);
			buildRules = (
			);
			dependencies = (
				01343B282639C3BA00207C15 /* PBXTargetDependency */,
			);
			name = CineFlixTests;
			productName = CineFlixTests;
			productReference = 01343B262639C3BA00207C15 /* CineFlixTests.xctest */;
			productType = "com.apple.product-type.bundle.unit-test";
		};
		01343B302639C3BA00207C15 /* CineFlixUITests */ = {
			isa = PBXNativeTarget;
			buildConfigurationList = 01343B402639C3BA00207C15 /* Build configuration list for PBXNativeTarget "CineFlixUITests" */;
			buildPhases = (
				01343B2D2639C3BA00207C15 /* Sources */,
				01343B2E2639C3BA00207C15 /* Frameworks */,
				01343B2F2639C3BA00207C15 /* Resources */,
			);
			buildRules = (
			);
			dependencies = (
				01343B332639C3BA00207C15 /* PBXTargetDependency */,
			);
			name = CineFlixUITests;
			productName = CineFlixUITests;
			productReference = 01343B312639C3BA00207C15 /* CineFlixUITests.xctest */;
			productType = "com.apple.product-type.bundle.ui-testing";
		};
/* End PBXNativeTarget section */

/* Begin PBXProject section */
		01343B052639C3B800207C15 /* Project object */ = {
			isa = PBXProject;
			attributes = {
				LastSwiftUpdateCheck = 1240;
				LastUpgradeCheck = 1240;
				TargetAttributes = {
					01343B0C2639C3B800207C15 = {
						CreatedOnToolsVersion = 12.4;
					};
					01343B252639C3BA00207C15 = {
						CreatedOnToolsVersion = 12.4;
						TestTargetID = 01343B0C2639C3B800207C15;
					};
					01343B302639C3BA00207C15 = {
						CreatedOnToolsVersion = 12.4;
						TestTargetID = 01343B0C2639C3B800207C15;
					};
				};
			};
			buildConfigurationList = 01343B082639C3B800207C15 /* Build configuration list for PBXProject "CineFlix" */;
			compatibilityVersion = "Xcode 9.3";
			developmentRegion = en;
			hasScannedForEncodings = 0;
			knownRegions = (
				en,
				Base,
			);
			mainGroup = 01343B042639C3B800207C15;
			productRefGroup = 01343B0E2639C3B800207C15 /* Products */;
			projectDirPath = "";
			projectRoot = "";
			targets = (
				01343B0C2639C3B800207C15 /* CineFlix */,
				01343B252639C3BA00207C15 /* CineFlixTests */,
				01343B302639C3BA00207C15 /* CineFlixUITests */,
			);
		};
/* End PBXProject section */

/* Begin PBXResourcesBuildPhase section */
		01343B0B2639C3B800207C15 /* Resources */ = {
			isa = PBXResourcesBuildPhase;
			buildActionMask = 2147483647;
			files = (
				01343B202639C3BA00207C15 /* LaunchScreen.storyboard in Resources */,
				01343B1D2639C3BA00207C15 /* Assets.xcassets in Resources */,
				01343B612639C73400207C15 /* Profile.storyboard in Resources */,
				01343B792639D68100207C15 /* TopRatedCollectionViewCell.xib in Resources */,
				01343B182639C3B800207C15 /* Main.storyboard in Resources */,
				01343B712639CE0900207C15 /* TopRatedContainerTableViewCell.xib in Resources */,
				01343B542639C44300207C15 /* Home.storyboard in Resources */,
			);
			runOnlyForDeploymentPostprocessing = 0;
		};
		01343B242639C3BA00207C15 /* Resources */ = {
			isa = PBXResourcesBuildPhase;
			buildActionMask = 2147483647;
			files = (
			);
			runOnlyForDeploymentPostprocessing = 0;
		};
		01343B2F2639C3BA00207C15 /* Resources */ = {
			isa = PBXResourcesBuildPhase;
			buildActionMask = 2147483647;
			files = (
			);
			runOnlyForDeploymentPostprocessing = 0;
		};
/* End PBXResourcesBuildPhase section */

/* Begin PBXSourcesBuildPhase section */
		01343B092639C3B800207C15 /* Sources */ = {
			isa = PBXSourcesBuildPhase;
			buildActionMask = 2147483647;
			files = (
				01343B662639C7FD00207C15 /* ProfileViewController.swift in Sources */,
				01343B8C2639F9F800207C15 /* GenericError.swift in Sources */,
				01343B722639CE0900207C15 /* TopRatedContainerTableViewCell.swift in Sources */,
				01343B7A2639D68100207C15 /* TopRatedCollectionViewCell.swift in Sources */,
				01343B5C2639C46C00207C15 /* HomeViewController.swift in Sources */,
				01343B152639C3B800207C15 /* ViewController.swift in Sources */,
				01343B822639F5F500207C15 /* Movies.swift in Sources */,
				01343B112639C3B800207C15 /* AppDelegate.swift in Sources */,
				01343B872639F99C00207C15 /* GenericWorker.swift in Sources */,
				01343B132639C3B800207C15 /* SceneDelegate.swift in Sources */,
				01343B912639FC1D00207C15 /* HomeViewModel.swift in Sources */,
				01343B1B2639C3B800207C15 /* CineFlix.xcdatamodeld in Sources */,
			);
			runOnlyForDeploymentPostprocessing = 0;
		};
		01343B222639C3BA00207C15 /* Sources */ = {
			isa = PBXSourcesBuildPhase;
			buildActionMask = 2147483647;
			files = (
				01343B2B2639C3BA00207C15 /* CineFlixTests.swift in Sources */,
			);
			runOnlyForDeploymentPostprocessing = 0;
		};
		01343B2D2639C3BA00207C15 /* Sources */ = {
			isa = PBXSourcesBuildPhase;
			buildActionMask = 2147483647;
			files = (
				01343B362639C3BA00207C15 /* CineFlixUITests.swift in Sources */,
			);
			runOnlyForDeploymentPostprocessing = 0;
		};
/* End PBXSourcesBuildPhase section */

/* Begin PBXTargetDependency section */
		01343B282639C3BA00207C15 /* PBXTargetDependency */ = {
			isa = PBXTargetDependency;
			target = 01343B0C2639C3B800207C15 /* CineFlix */;
			targetProxy = 01343B272639C3BA00207C15 /* PBXContainerItemProxy */;
		};
		01343B332639C3BA00207C15 /* PBXTargetDependency */ = {
			isa = PBXTargetDependency;
			target = 01343B0C2639C3B800207C15 /* CineFlix */;
			targetProxy = 01343B322639C3BA00207C15 /* PBXContainerItemProxy */;
		};
/* End PBXTargetDependency section */

/* Begin PBXVariantGroup section */
		01343B162639C3B800207C15 /* Main.storyboard */ = {
			isa = PBXVariantGroup;
			children = (
				01343B172639C3B800207C15 /* Base */,
			);
			name = Main.storyboard;
			sourceTree = "<group>";
		};
		01343B1E2639C3BA00207C15 /* LaunchScreen.storyboard */ = {
			isa = PBXVariantGroup;
			children = (
				01343B1F2639C3BA00207C15 /* Base */,
			);
			name = LaunchScreen.storyboard;
			sourceTree = "<group>";
		};
/* End PBXVariantGroup section */

/* Begin XCBuildConfiguration section */
		01343B382639C3BA00207C15 /* Debug */ = {
			isa = XCBuildConfiguration;
			buildSettings = {
				ALWAYS_SEARCH_USER_PATHS = NO;
				CLANG_ANALYZER_NONNULL = YES;
				CLANG_ANALYZER_NUMBER_OBJECT_CONVERSION = YES_AGGRESSIVE;
				CLANG_CXX_LANGUAGE_STANDARD = "gnu++14";
				CLANG_CXX_LIBRARY = "libc++";
				CLANG_ENABLE_MODULES = YES;
				CLANG_ENABLE_OBJC_ARC = YES;
				CLANG_ENABLE_OBJC_WEAK = YES;
				CLANG_WARN_BLOCK_CAPTURE_AUTORELEASING = YES;
				CLANG_WARN_BOOL_CONVERSION = YES;
				CLANG_WARN_COMMA = YES;
				CLANG_WARN_CONSTANT_CONVERSION = YES;
				CLANG_WARN_DEPRECATED_OBJC_IMPLEMENTATIONS = YES;
				CLANG_WARN_DIRECT_OBJC_ISA_USAGE = YES_ERROR;
				CLANG_WARN_DOCUMENTATION_COMMENTS = YES;
				CLANG_WARN_EMPTY_BODY = YES;
				CLANG_WARN_ENUM_CONVERSION = YES;
				CLANG_WARN_INFINITE_RECURSION = YES;
				CLANG_WARN_INT_CONVERSION = YES;
				CLANG_WARN_NON_LITERAL_NULL_CONVERSION = YES;
				CLANG_WARN_OBJC_IMPLICIT_RETAIN_SELF = YES;
				CLANG_WARN_OBJC_LITERAL_CONVERSION = YES;
				CLANG_WARN_OBJC_ROOT_CLASS = YES_ERROR;
				CLANG_WARN_QUOTED_INCLUDE_IN_FRAMEWORK_HEADER = YES;
				CLANG_WARN_RANGE_LOOP_ANALYSIS = YES;
				CLANG_WARN_STRICT_PROTOTYPES = YES;
				CLANG_WARN_SUSPICIOUS_MOVE = YES;
				CLANG_WARN_UNGUARDED_AVAILABILITY = YES_AGGRESSIVE;
				CLANG_WARN_UNREACHABLE_CODE = YES;
				CLANG_WARN__DUPLICATE_METHOD_MATCH = YES;
				COPY_PHASE_STRIP = NO;
				DEBUG_INFORMATION_FORMAT = dwarf;
				ENABLE_STRICT_OBJC_MSGSEND = YES;
				ENABLE_TESTABILITY = YES;
				GCC_C_LANGUAGE_STANDARD = gnu11;
				GCC_DYNAMIC_NO_PIC = NO;
				GCC_NO_COMMON_BLOCKS = YES;
				GCC_OPTIMIZATION_LEVEL = 0;
				GCC_PREPROCESSOR_DEFINITIONS = (
					"DEBUG=1",
					"$(inherited)",
				);
				GCC_WARN_64_TO_32_BIT_CONVERSION = YES;
				GCC_WARN_ABOUT_RETURN_TYPE = YES_ERROR;
				GCC_WARN_UNDECLARED_SELECTOR = YES;
				GCC_WARN_UNINITIALIZED_AUTOS = YES_AGGRESSIVE;
				GCC_WARN_UNUSED_FUNCTION = YES;
				GCC_WARN_UNUSED_VARIABLE = YES;
				IPHONEOS_DEPLOYMENT_TARGET = 14.4;
				MTL_ENABLE_DEBUG_INFO = INCLUDE_SOURCE;
				MTL_FAST_MATH = YES;
				ONLY_ACTIVE_ARCH = YES;
				SDKROOT = iphoneos;
				SWIFT_ACTIVE_COMPILATION_CONDITIONS = DEBUG;
				SWIFT_OPTIMIZATION_LEVEL = "-Onone";
			};
			name = Debug;
		};
		01343B392639C3BA00207C15 /* Release */ = {
			isa = XCBuildConfiguration;
			buildSettings = {
				ALWAYS_SEARCH_USER_PATHS = NO;
				CLANG_ANALYZER_NONNULL = YES;
				CLANG_ANALYZER_NUMBER_OBJECT_CONVERSION = YES_AGGRESSIVE;
				CLANG_CXX_LANGUAGE_STANDARD = "gnu++14";
				CLANG_CXX_LIBRARY = "libc++";
				CLANG_ENABLE_MODULES = YES;
				CLANG_ENABLE_OBJC_ARC = YES;
				CLANG_ENABLE_OBJC_WEAK = YES;
				CLANG_WARN_BLOCK_CAPTURE_AUTORELEASING = YES;
				CLANG_WARN_BOOL_CONVERSION = YES;
				CLANG_WARN_COMMA = YES;
				CLANG_WARN_CONSTANT_CONVERSION = YES;
				CLANG_WARN_DEPRECATED_OBJC_IMPLEMENTATIONS = YES;
				CLANG_WARN_DIRECT_OBJC_ISA_USAGE = YES_ERROR;
				CLANG_WARN_DOCUMENTATION_COMMENTS = YES;
				CLANG_WARN_EMPTY_BODY = YES;
				CLANG_WARN_ENUM_CONVERSION = YES;
				CLANG_WARN_INFINITE_RECURSION = YES;
				CLANG_WARN_INT_CONVERSION = YES;
				CLANG_WARN_NON_LITERAL_NULL_CONVERSION = YES;
				CLANG_WARN_OBJC_IMPLICIT_RETAIN_SELF = YES;
				CLANG_WARN_OBJC_LITERAL_CONVERSION = YES;
				CLANG_WARN_OBJC_ROOT_CLASS = YES_ERROR;
				CLANG_WARN_QUOTED_INCLUDE_IN_FRAMEWORK_HEADER = YES;
				CLANG_WARN_RANGE_LOOP_ANALYSIS = YES;
				CLANG_WARN_STRICT_PROTOTYPES = YES;
				CLANG_WARN_SUSPICIOUS_MOVE = YES;
				CLANG_WARN_UNGUARDED_AVAILABILITY = YES_AGGRESSIVE;
				CLANG_WARN_UNREACHABLE_CODE = YES;
				CLANG_WARN__DUPLICATE_METHOD_MATCH = YES;
				COPY_PHASE_STRIP = NO;
				DEBUG_INFORMATION_FORMAT = "dwarf-with-dsym";
				ENABLE_NS_ASSERTIONS = NO;
				ENABLE_STRICT_OBJC_MSGSEND = YES;
				GCC_C_LANGUAGE_STANDARD = gnu11;
				GCC_NO_COMMON_BLOCKS = YES;
				GCC_WARN_64_TO_32_BIT_CONVERSION = YES;
				GCC_WARN_ABOUT_RETURN_TYPE = YES_ERROR;
				GCC_WARN_UNDECLARED_SELECTOR = YES;
				GCC_WARN_UNINITIALIZED_AUTOS = YES_AGGRESSIVE;
				GCC_WARN_UNUSED_FUNCTION = YES;
				GCC_WARN_UNUSED_VARIABLE = YES;
				IPHONEOS_DEPLOYMENT_TARGET = 14.4;
				MTL_ENABLE_DEBUG_INFO = NO;
				MTL_FAST_MATH = YES;
				SDKROOT = iphoneos;
				SWIFT_COMPILATION_MODE = wholemodule;
				SWIFT_OPTIMIZATION_LEVEL = "-O";
				VALIDATE_PRODUCT = YES;
			};
			name = Release;
		};
		01343B3B2639C3BA00207C15 /* Debug */ = {
			isa = XCBuildConfiguration;
			buildSettings = {
				ASSETCATALOG_COMPILER_APPICON_NAME = AppIcon;
				ASSETCATALOG_COMPILER_GLOBAL_ACCENT_COLOR_NAME = AccentColor;
				CODE_SIGN_STYLE = Automatic;
				DEVELOPMENT_TEAM = LQH55VZR78;
				INFOPLIST_FILE = CineFlix/Info.plist;
				LD_RUNPATH_SEARCH_PATHS = (
					"$(inherited)",
					"@executable_path/Frameworks",
				);
				PRODUCT_BUNDLE_IDENTIFIER = rodrigoventura.CineFlix;
				PRODUCT_NAME = "$(TARGET_NAME)";
				SWIFT_VERSION = 5.0;
				TARGETED_DEVICE_FAMILY = 1;
			};
			name = Debug;
		};
		01343B3C2639C3BA00207C15 /* Release */ = {
			isa = XCBuildConfiguration;
			buildSettings = {
				ASSETCATALOG_COMPILER_APPICON_NAME = AppIcon;
				ASSETCATALOG_COMPILER_GLOBAL_ACCENT_COLOR_NAME = AccentColor;
				CODE_SIGN_STYLE = Automatic;
				DEVELOPMENT_TEAM = LQH55VZR78;
				INFOPLIST_FILE = CineFlix/Info.plist;
				LD_RUNPATH_SEARCH_PATHS = (
					"$(inherited)",
					"@executable_path/Frameworks",
				);
				PRODUCT_BUNDLE_IDENTIFIER = rodrigoventura.CineFlix;
				PRODUCT_NAME = "$(TARGET_NAME)";
				SWIFT_VERSION = 5.0;
				TARGETED_DEVICE_FAMILY = 1;
			};
			name = Release;
		};
		01343B3E2639C3BA00207C15 /* Debug */ = {
			isa = XCBuildConfiguration;
			buildSettings = {
				ALWAYS_EMBED_SWIFT_STANDARD_LIBRARIES = YES;
				BUNDLE_LOADER = "$(TEST_HOST)";
				CODE_SIGN_STYLE = Automatic;
				DEVELOPMENT_TEAM = LQH55VZR78;
				INFOPLIST_FILE = CineFlixTests/Info.plist;
				IPHONEOS_DEPLOYMENT_TARGET = 14.4;
				LD_RUNPATH_SEARCH_PATHS = (
					"$(inherited)",
					"@executable_path/Frameworks",
					"@loader_path/Frameworks",
				);
				PRODUCT_BUNDLE_IDENTIFIER = rodrigoventura.CineFlixTests;
				PRODUCT_NAME = "$(TARGET_NAME)";
				SWIFT_VERSION = 5.0;
				TARGETED_DEVICE_FAMILY = "1,2";
				TEST_HOST = "$(BUILT_PRODUCTS_DIR)/CineFlix.app/CineFlix";
			};
			name = Debug;
		};
		01343B3F2639C3BA00207C15 /* Release */ = {
			isa = XCBuildConfiguration;
			buildSettings = {
				ALWAYS_EMBED_SWIFT_STANDARD_LIBRARIES = YES;
				BUNDLE_LOADER = "$(TEST_HOST)";
				CODE_SIGN_STYLE = Automatic;
				DEVELOPMENT_TEAM = LQH55VZR78;
				INFOPLIST_FILE = CineFlixTests/Info.plist;
				IPHONEOS_DEPLOYMENT_TARGET = 14.4;
				LD_RUNPATH_SEARCH_PATHS = (
					"$(inherited)",
					"@executable_path/Frameworks",
					"@loader_path/Frameworks",
				);
				PRODUCT_BUNDLE_IDENTIFIER = rodrigoventura.CineFlixTests;
				PRODUCT_NAME = "$(TARGET_NAME)";
				SWIFT_VERSION = 5.0;
				TARGETED_DEVICE_FAMILY = "1,2";
				TEST_HOST = "$(BUILT_PRODUCTS_DIR)/CineFlix.app/CineFlix";
			};
			name = Release;
		};
		01343B412639C3BA00207C15 /* Debug */ = {
			isa = XCBuildConfiguration;
			buildSettings = {
				ALWAYS_EMBED_SWIFT_STANDARD_LIBRARIES = YES;
				CODE_SIGN_STYLE = Automatic;
				DEVELOPMENT_TEAM = LQH55VZR78;
				INFOPLIST_FILE = CineFlixUITests/Info.plist;
				LD_RUNPATH_SEARCH_PATHS = (
					"$(inherited)",
					"@executable_path/Frameworks",
					"@loader_path/Frameworks",
				);
				PRODUCT_BUNDLE_IDENTIFIER = rodrigoventura.CineFlixUITests;
				PRODUCT_NAME = "$(TARGET_NAME)";
				SWIFT_VERSION = 5.0;
				TARGETED_DEVICE_FAMILY = "1,2";
				TEST_TARGET_NAME = CineFlix;
			};
			name = Debug;
		};
		01343B422639C3BA00207C15 /* Release */ = {
			isa = XCBuildConfiguration;
			buildSettings = {
				ALWAYS_EMBED_SWIFT_STANDARD_LIBRARIES = YES;
				CODE_SIGN_STYLE = Automatic;
				DEVELOPMENT_TEAM = LQH55VZR78;
				INFOPLIST_FILE = CineFlixUITests/Info.plist;
				LD_RUNPATH_SEARCH_PATHS = (
					"$(inherited)",
					"@executable_path/Frameworks",
					"@loader_path/Frameworks",
				);
				PRODUCT_BUNDLE_IDENTIFIER = rodrigoventura.CineFlixUITests;
				PRODUCT_NAME = "$(TARGET_NAME)";
				SWIFT_VERSION = 5.0;
				TARGETED_DEVICE_FAMILY = "1,2";
				TEST_TARGET_NAME = CineFlix;
			};
			name = Release;
		};
/* End XCBuildConfiguration section */

/* Begin XCConfigurationList section */
		01343B082639C3B800207C15 /* Build configuration list for PBXProject "CineFlix" */ = {
			isa = XCConfigurationList;
			buildConfigurations = (
				01343B382639C3BA00207C15 /* Debug */,
				01343B392639C3BA00207C15 /* Release */,
			);
			defaultConfigurationIsVisible = 0;
			defaultConfigurationName = Release;
		};
		01343B3A2639C3BA00207C15 /* Build configuration list for PBXNativeTarget "CineFlix" */ = {
			isa = XCConfigurationList;
			buildConfigurations = (
				01343B3B2639C3BA00207C15 /* Debug */,
				01343B3C2639C3BA00207C15 /* Release */,
			);
			defaultConfigurationIsVisible = 0;
			defaultConfigurationName = Release;
		};
		01343B3D2639C3BA00207C15 /* Build configuration list for PBXNativeTarget "CineFlixTests" */ = {
			isa = XCConfigurationList;
			buildConfigurations = (
				01343B3E2639C3BA00207C15 /* Debug */,
				01343B3F2639C3BA00207C15 /* Release */,
			);
			defaultConfigurationIsVisible = 0;
			defaultConfigurationName = Release;
		};
		01343B402639C3BA00207C15 /* Build configuration list for PBXNativeTarget "CineFlixUITests" */ = {
			isa = XCConfigurationList;
			buildConfigurations = (
				01343B412639C3BA00207C15 /* Debug */,
				01343B422639C3BA00207C15 /* Release */,
			);
			defaultConfigurationIsVisible = 0;
			defaultConfigurationName = Release;
		};
/* End XCConfigurationList section */

/* Begin XCVersionGroup section */
		01343B192639C3B800207C15 /* CineFlix.xcdatamodeld */ = {
			isa = XCVersionGroup;
			children = (
				01343B1A2639C3B800207C15 /* CineFlix.xcdatamodel */,
			);
			currentVersion = 01343B1A2639C3B800207C15 /* CineFlix.xcdatamodel */;
			path = CineFlix.xcdatamodeld;
			sourceTree = "<group>";
			versionGroupType = wrapper.xcdatamodel;
		};
/* End XCVersionGroup section */
	};
	rootObject = 01343B052639C3B800207C15 /* Project object */;
}
